
Microsoft Visual Studio Solution File, Format Version 12.00
# Visual Studio 14
VisualStudioVersion = 14.0.25123.0
MinimumVisualStudioVersion = 10.0.40219.1
Project("{FAE04EC0-301F-11D3-BF4B-00C04F79EFBC}") = "Dota2Helper.Bootstrap", "Dota2Helper.Bootstrap\Dota2Helper.Bootstrap.csproj", "{CFDC3CB5-2082-4558-928F-37AD075D31E7}"
EndProject
Project("{FAE04EC0-301F-11D3-BF4B-00C04F79EFBC}") = "Dota2Helper.Common", "Dota2Helper.Common\Dota2Helper.Common.csproj", "{F338009A-C1FB-460B-B303-3080C115A102}"
EndProject
Project("{FAE04EC0-301F-11D3-BF4B-00C04F79EFBC}") = "Dota2Helper.Console", "Dota2Helper.Console\Dota2Helper.Console.csproj", "{0110A389-6A7B-4EF0-8E0C-6187EAF8B4FD}"
EndProject
Global
	GlobalSection(SolutionConfigurationPlatforms) = preSolution
		Debug|Any CPU = Debug|Any CPU
		Debug|x64 = Debug|x64
		Release|Any CPU = Release|Any CPU
		Release|x64 = Release|x64
	EndGlobalSection
	GlobalSection(ProjectConfigurationPlatforms) = postSolution
		{CFDC3CB5-2082-4558-928F-37AD075D31E7}.Debug|Any CPU.ActiveCfg = Debug|Any CPU
		{CFDC3CB5-2082-4558-928F-37AD075D31E7}.Debug|Any CPU.Build.0 = Debug|Any CPU
		{CFDC3CB5-2082-4558-928F-37AD075D31E7}.Debug|x64.ActiveCfg = Debug|Any CPU
		{CFDC3CB5-2082-4558-928F-37AD075D31E7}.Debug|x64.Build.0 = Debug|Any CPU
		{CFDC3CB5-2082-4558-928F-37AD075D31E7}.Release|Any CPU.ActiveCfg = Release|Any CPU
		{CFDC3CB5-2082-4558-928F-37AD075D31E7}.Release|Any CPU.Build.0 = Release|Any CPU
		{CFDC3CB5-2082-4558-928F-37AD075D31E7}.Release|x64.ActiveCfg = Release|Any CPU
		{CFDC3CB5-2082-4558-928F-37AD075D31E7}.Release|x64.Build.0 = Release|Any CPU
		{F338009A-C1FB-460B-B303-3080C115A102}.Debug|Any CPU.ActiveCfg = Debug|Any CPU
		{F338009A-C1FB-460B-B303-3080C115A102}.Debug|Any CPU.Build.0 = Debug|Any CPU
		{F338009A-C1FB-460B-B303-3080C115A102}.Debug|x64.ActiveCfg = Debug|Any CPU
		{F338009A-C1FB-460B-B303-3080C115A102}.Debug|x64.Build.0 = Debug|Any CPU
		{F338009A-C1FB-460B-B303-3080C115A102}.Release|Any CPU.ActiveCfg = Release|Any CPU
		{F338009A-C1FB-460B-B303-3080C115A102}.Release|Any CPU.Build.0 = Release|Any CPU
		{F338009A-C1FB-460B-B303-3080C115A102}.Release|x64.ActiveCfg = Release|Any CPU
		{F338009A-C1FB-460B-B303-3080C115A102}.Release|x64.Build.0 = Release|Any CPU
		{0110A389-6A7B-4EF0-8E0C-6187EAF8B4FD}.Debug|Any CPU.ActiveCfg = Debug|Any CPU
		{0110A389-6A7B-4EF0-8E0C-6187EAF8B4FD}.Debug|Any CPU.Build.0 = Debug|Any CPU
		{0110A389-6A7B-4EF0-8E0C-6187EAF8B4FD}.Debug|x64.ActiveCfg = Debug|Any CPU
		{0110A389-6A7B-4EF0-8E0C-6187EAF8B4FD}.Debug|x64.Build.0 = Debug|Any CPU
		{0110A389-6A7B-4EF0-8E0C-6187EAF8B4FD}.Release|Any CPU.ActiveCfg = Release|Any CPU
		{0110A389-6A7B-4EF0-8E0C-6187EAF8B4FD}.Release|Any CPU.Build.0 = Release|Any CPU
		{0110A389-6A7B-4EF0-8E0C-6187EAF8B4FD}.Release|x64.ActiveCfg = Release|Any CPU
		{0110A389-6A7B-4EF0-8E0C-6187EAF8B4FD}.Release|x64.Build.0 = Release|Any CPU
	EndGlobalSection
	GlobalSection(SolutionProperties) = preSolution
		HideSolutionNode = FALSE
	EndGlobalSection
EndGlobal
